# THIS IS AN AUTOGENERATED FILE. DO NOT EDIT THIS FILE DIRECTLY.
# yarn lockfile v1


a11y-react-emoji@^1.1.2:
  version "1.1.2"
  resolved "https://registry.yarnpkg.com/a11y-react-emoji/-/a11y-react-emoji-1.1.2.tgz#352a0802522d5a9e137c3239d10bc7b9a3416ed5"
  integrity sha512-spdYr/mgaGAYOFD/a250CUQ1MIvybK1clZgSfkzO2nxLQQQZbM7FEQrisOQntqGVm6fm0Ye57H3euSUJYpX9NQ==
