# THIS IS AN AUTOGENERATED FILE. DO NOT EDIT THIS FILE DIRECTLY.
# yarn lockfile v1


"@types/await-timeout@^0.3.1":
  version "0.3.1"
  resolved "https://registry.yarnpkg.com/@types/await-timeout/-/await-timeout-0.3.1.tgz#3a0baafc3a96c7a14447a4dcfdcc76b21ce97c3b"
  integrity sha512-H5PzROT4KuP7XQDua13Iw8did//OCKAZ/3TL15DjvMzDonrk4HvhH1+tLko96f2guU6XaD3AoqRa49ZOwbwNig==

"@types/classnames@^2.2.9":
  version "2.2.9"
  resolved "https://registry.yarnpkg.com/@types/classnames/-/classnames-2.2.9.tgz#d868b6febb02666330410fe7f58f3c4b8258be7b"
  integrity sha512-MNl+rT5UmZeilaPxAVs6YaPC2m6aA8rofviZbhbxpPpl61uKodfdQVsBtgJGTqGizEf02oW3tsVe7FYB8kK14A==
